[[package]]
name = "anyio"
version = "3.3.2"
description = "High level compatibility layer for multiple asynchronous event loop implementations"
category = "main"
optional = false
python-versions = ">=3.6.2"

[package.dependencies]
idna = ">=2.8"
sniffio = ">=1.1"

[package.extras]
doc = ["sphinx-rtd-theme", "sphinx-autodoc-typehints (>=1.2.0)"]
test = ["coverage[toml] (>=4.5)", "hypothesis (>=4.0)", "pytest (>=6.0)", "pytest-mock (>=3.6.1)", "trustme", "uvloop (<0.15)", "mock (>=4)", "uvloop (>=0.15)"]
trio = ["trio (>=0.16)"]

[[package]]
name = "appdirs"
version = "1.4.4"
description = "A small Python module for determining appropriate platform-specific dirs, e.g. a \"user data dir\"."
category = "main"
optional = false
python-versions = "*"

[[package]]
name = "asgiref"
version = "3.4.1"
description = "ASGI specs, helper code, and adapters"
category = "main"
optional = false
python-versions = ">=3.6"

[package.extras]
tests = ["pytest", "pytest-asyncio", "mypy (>=0.800)"]

[[package]]
name = "click"
version = "8.0.2"
description = "Composable command line interface toolkit"
category = "main"
optional = false
python-versions = ">=3.6"

[package.dependencies]
colorama = {version = "*", markers = "platform_system == \"Windows\""}

[[package]]
name = "colorama"
version = "0.4.4"
description = "Cross-platform colored terminal text."
category = "main"
optional = false
python-versions = ">=2.7, !=3.0.*, !=3.1.*, !=3.2.*, !=3.3.*, !=3.4.*"

[[package]]
name = "funcparserlib"
version = "0.3.6"
description = "Recursive descent parsing library based on functional combinators"
category = "main"
optional = false
python-versions = "*"

[[package]]
name = "h11"
version = "0.12.0"
description = "A pure-Python, bring-your-own-I/O implementation of HTTP/1.1"
category = "main"
optional = false
python-versions = ">=3.6"

[[package]]
name = "hy"
version = "1.0a3"
description = "Lisp and Python love each other."
category = "main"
optional = false
python-versions = "*"

[package.dependencies]
colorama = "*"
funcparserlib = ">=0.3.6"
pyreadline = {version = ">=2.1", markers = "os_name == \"nt\""}
rply = ">=0.7.7"

[[package]]
name = "hyccup"
version = "1.0.0a3"
description = "A port of Clojure Hiccup for Hy"
category = "main"
optional = false
python-versions = ">=3.9,<4.0"

[package.dependencies]
hy = "1.0a3"
multimethod = ">=1.5,<2.0"
toolz = ">=0.11.1,<0.12.0"

[[package]]
name = "idna"
version = "3.2"
description = "Internationalized Domain Names in Applications (IDNA)"
category = "main"
optional = false
python-versions = ">=3.5"

[[package]]
name = "multimethod"
version = "1.6"
description = "Multiple argument dispatching."
category = "main"
optional = false
python-versions = ">=3.7"

[[package]]
name = "pyreadline"
version = "2.1"
description = "A python implmementation of GNU readline."
category = "main"
optional = false
python-versions = "*"

[[package]]
name = "python-multipart"
version = "0.0.5"
description = "A streaming multipart parser for Python"
category = "main"
optional = false
python-versions = "*"

[package.dependencies]
six = ">=1.4.0"

[[package]]
name = "rply"
version = "0.7.8"
description = "A pure Python Lex/Yacc that works with RPython"
category = "main"
optional = false
python-versions = "*"

[package.dependencies]
appdirs = "*"

[[package]]
name = "six"
version = "1.16.0"
description = "Python 2 and 3 compatibility utilities"
category = "main"
optional = false
python-versions = ">=2.7, !=3.0.*, !=3.1.*, !=3.2.*"

[[package]]
name = "sniffio"
version = "1.2.0"
description = "Sniff out which async library your code is running under"
category = "main"
optional = false
python-versions = ">=3.5"

[[package]]
name = "starlette"
version = "0.16.0"
description = "The little ASGI library that shines."
category = "main"
optional = false
python-versions = ">=3.6"

[package.dependencies]
anyio = ">=3.0.0,<4"

[package.extras]
full = ["itsdangerous", "jinja2", "python-multipart", "pyyaml", "requests", "graphene"]

[[package]]
name = "toolz"
version = "0.11.1"
description = "List processing tools and functional utilities"
category = "main"
optional = false
python-versions = ">=3.5"

[[package]]
name = "uvicorn"
version = "0.15.0"
description = "The lightning-fast ASGI server."
category = "main"
optional = false
python-versions = "*"

[package.dependencies]
asgiref = ">=3.4.0"
click = ">=7.0"
h11 = ">=0.8"

[package.extras]
standard = ["websockets (>=9.1)", "httptools (>=0.2.0,<0.3.0)", "watchgod (>=0.6)", "python-dotenv (>=0.13)", "PyYAML (>=5.1)", "uvloop (>=0.14.0,!=0.15.0,!=0.15.1)", "colorama (>=0.4)"]

[metadata]
lock-version = "1.1"
python-versions = "^3.9"
content-hash = "8c8a48a47e4b118f274b33f1d837eed131436e24b6068f6f10b6447c74dfd348"

[metadata.files]
anyio = [
    {file = "anyio-3.3.2-py3-none-any.whl", hash = "sha256:c32da314c510b34a862f5afeaf8a446ffed2c2fde21583e654bd71ecfb5b744b"},
    {file = "anyio-3.3.2.tar.gz", hash = "sha256:0b993a2ef6c1dc456815c2b5ca2819f382f20af98087cc2090a4afed3a501436"},
]
appdirs = [
    {file = "appdirs-1.4.4-py2.py3-none-any.whl", hash = "sha256:a841dacd6b99318a741b166adb07e19ee71a274450e68237b4650ca1055ab128"},
    {file = "appdirs-1.4.4.tar.gz", hash = "sha256:7d5d0167b2b1ba821647616af46a749d1c653740dd0d2415100fe26e27afdf41"},
]
asgiref = [
    {file = "asgiref-3.4.1-py3-none-any.whl", hash = "sha256:ffc141aa908e6f175673e7b1b3b7af4fdb0ecb738fc5c8b88f69f055c2415214"},
    {file = "asgiref-3.4.1.tar.gz", hash = "sha256:4ef1ab46b484e3c706329cedeff284a5d40824200638503f5768edb6de7d58e9"},
]
click = [
    {file = "click-8.0.2-py3-none-any.whl", hash = "sha256:3fab8aeb8f15f5452ae7511ad448977b3417325bceddd53df87e0bb81f3a8cf8"},
    {file = "click-8.0.2.tar.gz", hash = "sha256:7027bc7bbafaab8b2c2816861d8eb372429ee3c02e193fc2f93d6c4ab9de49c5"},
]
colorama = [
    {file = "colorama-0.4.4-py2.py3-none-any.whl", hash = "sha256:9f47eda37229f68eee03b24b9748937c7dc3868f906e8ba69fbcbdd3bc5dc3e2"},
    {file = "colorama-0.4.4.tar.gz", hash = "sha256:5941b2b48a20143d2267e95b1c2a7603ce057ee39fd88e7329b0c292aa16869b"},
]
funcparserlib = [
    {file = "funcparserlib-0.3.6.tar.gz", hash = "sha256:b7992eac1a3eb97b3d91faa342bfda0729e990bd8a43774c1592c091e563c91d"},
]
h11 = [
    {file = "h11-0.12.0-py3-none-any.whl", hash = "sha256:36a3cb8c0a032f56e2da7084577878a035d3b61d104230d4bd49c0c6b555a9c6"},
    {file = "h11-0.12.0.tar.gz", hash = "sha256:47222cb6067e4a307d535814917cd98fd0a57b6788ce715755fa2b6c28b56042"},
]
hy = [
    {file = "hy-1.0a3-py2.py3-none-any.whl", hash = "sha256:cdb5902a143c9be652bd48bf5cf892550e519a4276151d56add3008816fb0f22"},
    {file = "hy-1.0a3.tar.gz", hash = "sha256:e3de56f5b4fafee511285223c9599fbd639a18f3e0891b8b67375fe6ab68c32c"},
]
hyccup = [
    {file = "hyccup-1.0.0a3-py3-none-any.whl", hash = "sha256:2cf4ed65698d075d893ae0f0cf0f7d3a816df778b158ca00f49273b6ffe190a2"},
    {file = "hyccup-1.0.0a3.tar.gz", hash = "sha256:26a174777fce284abdbe2a72ffee471e39d0322e7b979a6bb80c390b995c82b8"},
]
idna = [
    {file = "idna-3.2-py3-none-any.whl", hash = "sha256:14475042e284991034cb48e06f6851428fb14c4dc953acd9be9a5e95c7b6dd7a"},
    {file = "idna-3.2.tar.gz", hash = "sha256:467fbad99067910785144ce333826c71fb0e63a425657295239737f7ecd125f3"},
]
multimethod = [
    {file = "multimethod-1.6-py3-none-any.whl", hash = "sha256:24cf77b560266869d489c150d36d9242d66d4adc360df4548d09ee976c735d1e"},
    {file = "multimethod-1.6.tar.gz", hash = "sha256:ed78cd3237c59652b226d571209d934860b99240c62935a706a9b3d0bce6ebb3"},
]
pyreadline = [
    {file = "pyreadline-2.1.win-amd64.exe", hash = "sha256:9ce5fa65b8992dfa373bddc5b6e0864ead8f291c94fbfec05fbd5c836162e67b"},
    {file = "pyreadline-2.1.win32.exe", hash = "sha256:65540c21bfe14405a3a77e4c085ecfce88724743a4ead47c66b84defcf82c32e"},
    {file = "pyreadline-2.1.zip", hash = "sha256:4530592fc2e85b25b1a9f79664433da09237c1a270e4d78ea5aa3a2c7229e2d1"},
]
python-multipart = [
    {file = "python-multipart-0.0.5.tar.gz", hash = "sha256:f7bb5f611fc600d15fa47b3974c8aa16e93724513b49b5f95c81e6624c83fa43"},
]
rply = [
    {file = "rply-0.7.8-py2.py3-none-any.whl", hash = "sha256:28ffd11d656c48aeb8c508eb382acd6a0bd906662624b34388751732a27807e7"},
    {file = "rply-0.7.8.tar.gz", hash = "sha256:2a808ac25a4580a9991fc304d64434e299a8fc75760574492f242cbb5bb301c9"},
]
six = [
    {file = "six-1.16.0-py2.py3-none-any.whl", hash = "sha256:8abb2f1d86890a2dfb989f9a77cfcfd3e47c2a354b01111771326f8aa26e0254"},
    {file = "six-1.16.0.tar.gz", hash = "sha256:1e61c37477a1626458e36f7b1d82aa5c9b094fa4802892072e49de9c60c4c926"},
]
sniffio = [
    {file = "sniffio-1.2.0-py3-none-any.whl", hash = "sha256:471b71698eac1c2112a40ce2752bb2f4a4814c22a54a3eed3676bc0f5ca9f663"},
    {file = "sniffio-1.2.0.tar.gz", hash = "sha256:c4666eecec1d3f50960c6bdf61ab7bc350648da6c126e3cf6898d8cd4ddcd3de"},
]
starlette = [
    {file = "starlette-0.16.0-py3-none-any.whl", hash = "sha256:38eb24bf705a2c317e15868e384c1b8a12ca396e5a3c3a003db7e667c43f939f"},
    {file = "starlette-0.16.0.tar.gz", hash = "sha256:e1904b5d0007aee24bdd3c43994be9b3b729f4f58e740200de1d623f8c3a8870"},
]
toolz = [
    {file = "toolz-0.11.1-py3-none-any.whl", hash = "sha256:1bc473acbf1a1db4e72a1ce587be347450e8f08324908b8a266b486f408f04d5"},
    {file = "toolz-0.11.1.tar.gz", hash = "sha256:c7a47921f07822fe534fb1c01c9931ab335a4390c782bd28c6bcc7c2f71f3fbf"},
]
uvicorn = [
    {file = "uvicorn-0.15.0-py3-none-any.whl", hash = "sha256:17f898c64c71a2640514d4089da2689e5db1ce5d4086c2d53699bf99513421c1"},
    {file = "uvicorn-0.15.0.tar.gz", hash = "sha256:d9a3c0dd1ca86728d3e235182683b4cf94cd53a867c288eaeca80ee781b2caff"},
]
